{
    "_readme": [
        "This file locks the dependencies of your project to a known state",
        "Read more about it at http://getcomposer.org/doc/01-basic-usage.md#composer-lock-the-lock-file"
    ],
    "hash": "479c413e50f3ca4d378b2290f7e20a2e",
    "packages": [
        {
            "name": "constantcontact/constantcontact",
            "version": "dev-master",
            "source": {
                "type": "git",
                "url": "https://github.com/constantcontact/php-sdk.git",
                "reference": "4b5ac08172af81aab6957fea718df3dfa8c45ce8"
            },
            "dist": {
                "type": "zip",
                "url": "https://api.github.com/repos/constantcontact/php-sdk/zipball/4b5ac08172af81aab6957fea718df3dfa8c45ce8",
                "reference": "4b5ac08172af81aab6957fea718df3dfa8c45ce8",
                "shasum": ""
            },
            "require": {
                "ext-curl": "*",
                "php": ">=5.3.0"
            },
            "type": "library",
            "autoload": {
                "psr-0": {
                    "Ctct": "src"
                }
            },
            "notification-url": "https://packagist.org/downloads/",
            "license": [
                "MIT"
            ],
            "authors": [
                {
                    "name": "Constant Contact Web Services",
                    "email": "webservices@constantcontact.com",
                    "homepage": "http://developer.constantcontact.com"
                }
            ],
            "description": "Constant Contact PHP SDK for v2",
            "homepage": "http://developer.constantcontact.com",
            "keywords": [
                "constant contact",
                "constantcontact",
                "ctct",
                "email marketing"
            ],
            "time": "2014-10-01 20:45:02"
        },
        {
            "name": "nineinchnick/select2",
            "version": "dev-master",
            "source": {
                "type": "git",
                "url": "https://github.com/nineinchnick/ESelect2.git",
                "reference": "c2bfc139130118f33a39e3282f3cd09cf8182b20"
            },
            "dist": {
                "type": "zip",
                "url": "https://api.github.com/repos/nineinchnick/ESelect2/zipball/c2bfc139130118f33a39e3282f3cd09cf8182b20",
                "reference": "c2bfc139130118f33a39e3282f3cd09cf8182b20",
                "shasum": ""
            },
            "require": {
                "php": ">=5.3.3"
            },
            "suggest": {
                "yiisoft/yii": "1.1.*"
            },
            "type": "library",
            "notification-url": "https://packagist.org/downloads/",
            "authors": [
                {
                    "name": "Jan Waś",
                    "email": "janek.jan@gmail.com",
                    "homepage": "http://niix.pl/"
                },
                {
                    "name": "Anggiajuang Patria",
                    "email": "anggiaj@gmail.com",
                    "homepage": "http://anggiaj.herokuapp.com/"
                }
            ],
            "description": "Wrapper for ivaynberg jQuery select2",
            "time": "2014-09-15 06:02:29"
        }
    ],
    "packages-dev": [

    ],
    "aliases": [

    ],
    "minimum-stability": "stable",
    "stability-flags": {
        "constantcontact/constantcontact": 20,
        "nineinchnick/select2": 20
    },
    "platform": {
        "php": ">=5.3.0",
        "ext-curl": "*"
    },
    "platform-dev": [

    ]
}
