{
    "_readme": [
        "This file locks the dependencies of your project to a known state",
        "Read more about it at http://getcomposer.org/doc/01-basic-usage.md#composer-lock-the-lock-file"
    ],
    "hash": "479c413e50f3ca4d378b2290f7e20a2e",
    "packages": [
        {
            "name": "constantcontact/constantcontact",
            "version": "dev-master",
            "source": {
                "type": "git",
                "url": "https://github.com/constantcontact/php-sdk.git",
                "reference": "529438969d02b18ec907bef252e6b68ff2c07e6e"
            },
            "dist": {
                "type": "zip",
                "url": "https://api.github.com/repos/constantcontact/php-sdk/zipball/529438969d02b18ec907bef252e6b68ff2c07e6e",
                "reference": "529438969d02b18ec907bef252e6b68ff2c07e6e",
                "shasum": ""
            },
            "require": {
                "ext-curl": "*",
                "php": ">=5.3.0"
            },
            "type": "library",
            "autoload": {
                "psr-0": {
                    "Ctct": "src"
                }
            },
            "notification-url": "https://packagist.org/downloads/",
            "license": [
                "MIT"
            ],
            "authors": [
                {
                    "name": "Constant Contact Web Services",
                    "email": "webservices@constantcontact.com",
                    "homepage": "http://developer.constantcontact.com"
                }
            ],
            "description": "Constant Contact PHP SDK for v2",
            "homepage": "http://developer.constantcontact.com",
            "keywords": [
                "constant contact",
                "constantcontact",
                "ctct",
                "email marketing"
            ],
            "time": "2014-07-03 18:41:49"
        },
        {
            "name": "nineinchnick/select2",
            "version": "dev-master",
            "source": {
                "type": "git",
                "url": "https://github.com/nineinchnick/ESelect2.git",
                "reference": "ff95ee3c12cb66f446de8da9a1613a4608eb799b"
            },
            "dist": {
                "type": "zip",
                "url": "https://api.github.com/repos/nineinchnick/ESelect2/zipball/ff95ee3c12cb66f446de8da9a1613a4608eb799b",
                "reference": "ff95ee3c12cb66f446de8da9a1613a4608eb799b",
                "shasum": ""
            },
            "type": "library",
            "notification-url": "https://packagist.org/downloads/",
            "authors": [
                {
                    "name": "Jan Waś",
                    "email": "janek.jan@gmail.com",
                    "homepage": "http://niix.pl/"
                },
                {
                    "name": "Anggiajuang Patria",
                    "email": "anggiaj@gmail.com",
                    "homepage": "http://anggiaj.herokuapp.com/"
                }
            ],
            "description": "Wrapper for ivaynberg jQuery select2",
            "time": "2014-04-16 06:40:10"
        }
    ],
    "packages-dev": [

    ],
    "aliases": [

    ],
    "minimum-stability": "stable",
    "stability-flags": {
        "constantcontact/constantcontact": 20,
        "nineinchnick/select2": 20
    },
    "platform": {
        "php": ">=5.3.0",
        "ext-curl": "*"
    },
    "platform-dev": [

    ]
}
