{
    "_readme": [
        "This file locks the dependencies of your project to a known state",
        "Read more about it at http://getcomposer.org/doc/01-basic-usage.md#composer-lock-the-lock-file"
    ],
    "hash": "887ce9749a37ddf95671ea02b85be0b1",
    "packages": [
        {
            "name": "ankane/exceptional-php",
            "version": "dev-master",
            "source": {
                "type": "git",
                "url": "https://github.com/katzwebservices/exceptional-php.git",
                "reference": "cee38e9fd68d313a2e0664309f429ad033ab63ba"
            },
            "dist": {
                "type": "zip",
                "url": "https://api.github.com/repos/katzwebservices/exceptional-php/zipball/cee38e9fd68d313a2e0664309f429ad033ab63ba",
                "reference": "cee38e9fd68d313a2e0664309f429ad033ab63ba",
                "shasum": ""
            },
            "require": {
                "php": ">=5.3.0"
            },
            "type": "library",
            "autoload": {
                "psr-0": {
                    "Exceptional": "/"
                }
            },
            "notification-url": "https://packagist.org/downloads/",
            "license": [
                "MIT"
            ],
            "description": "The power of Exceptional for PHP",
            "homepage": "https://github.com/ankane/exceptional-php",
            "keywords": [
                "error",
                "exception",
                "monitoring"
            ],
            "time": "2013-09-26 16:38:42"
        },
        {
            "name": "nineinchnick/select2",
            "version": "dev-master",
            "source": {
                "type": "git",
                "url": "https://github.com/nineinchnick/ESelect2.git",
                "reference": "412acd86dc300e7b8d62cfb2248a3b445ec9985e"
            },
            "dist": {
                "type": "zip",
                "url": "https://api.github.com/repos/nineinchnick/ESelect2/zipball/412acd86dc300e7b8d62cfb2248a3b445ec9985e",
                "reference": "412acd86dc300e7b8d62cfb2248a3b445ec9985e",
                "shasum": ""
            },
            "type": "library",
            "notification-url": "https://packagist.org/downloads/",
            "authors": [
                {
                    "name": "Jan Waś",
                    "email": "janek.jan@gmail.com",
                    "homepage": "http://niix.pl/"
                },
                {
                    "name": "Anggiajuang Patria",
                    "email": "anggiaj@gmail.com",
                    "homepage": "http://anggiaj.herokuapp.com/"
                }
            ],
            "description": "Wrapper for ivaynberg jQuery select2",
            "time": "2013-05-22 21:13:01"
        }
    ],
    "packages-dev": [

    ],
    "aliases": [

    ],
    "minimum-stability": "stable",
    "stability-flags": {
        "nineinchnick/select2": 20,
        "ankane/exceptional-php": 20
    },
    "platform": {
        "php": ">=5.3.0",
        "ext-curl": "*"
    },
    "platform-dev": [

    ]
}
